// !$*UTF8*$!
{
	archiveVersion = 1;
	classes = {
	};
	objectVersion = 70;
	objects = {

/* Begin PBXBuildFile section */
		6947B73C2ECF730200D57193 /* ShoppingListView.swift in Sources */ = {isa = PBXBuildFile; fileRef = 6947B73B2ECF730200D57193 /* ShoppingListView.swift */; };
		6947B73E2ECF731F00D57193 /* StoreFinderView.swift in Sources */ = {isa = PBXBuildFile; fileRef = 6947B73D2ECF731F00D57193 /* StoreFinderView.swift */; };
		6947B7402ECF738600D57193 /* Product.swift in Sources */ = {isa = PBXBuildFile; fileRef = 6947B73F2ECF738600D57193 /* Product.swift */; };
		69BDA19F2ECF5913009E3719 /* ShoppingListItem.swift in Sources */ = {isa = PBXBuildFile; fileRef = 69BDA19E2ECF5913009E3719 /* ShoppingListItem.swift */; };
		69BDA1A12ECF591E009E3719 /* StoreLocationManager.swift in Sources */ = {isa = PBXBuildFile; fileRef = 69BDA1A02ECF591E009E3719 /* StoreLocationManager.swift */; };
		AA0001 /* GroceryGoApp.swift in Sources */ = {isa = PBXBuildFile; fileRef = AA0002 /* GroceryGoApp.swift */; };
		AA0003 /* ContentView.swift in Sources */ = {isa = PBXBuildFile; fileRef = AA0004 /* ContentView.swift */; };
		AA0005 /* Grocery.swift in Sources */ = {isa = PBXBuildFile; fileRef = AA0006 /* Grocery.swift */; };
		AA0007 /* CartItem.swift in Sources */ = {isa = PBXBuildFile; fileRef = AA0008 /* CartItem.swift */; };
		AA0009 /* Order.swift in Sources */ = {isa = PBXBuildFile; fileRef = AA0010 /* Order.swift */; };
		AA0011 /* GroceryListView.swift in Sources */ = {isa = PBXBuildFile; fileRef = AA0012 /* GroceryListView.swift */; };
		AA0013 /* GroceryDetailView.swift in Sources */ = {isa = PBXBuildFile; fileRef = AA0014 /* GroceryDetailView.swift */; };
		AA0015 /* CartView.swift in Sources */ = {isa = PBXBuildFile; fileRef = AA0016 /* CartView.swift */; };
		AA0017 /* OrdersView.swift in Sources */ = {isa = PBXBuildFile; fileRef = AA0018 /* OrdersView.swift */; };
		AA0019 /* Assets.xcassets in Resources */ = {isa = PBXBuildFile; fileRef = AA0020 /* Assets.xcassets */; };
		AA0021 /* Preview Assets.xcassets in Resources */ = {isa = PBXBuildFile; fileRef = AA0022 /* Preview Assets.xcassets */; };
		AA0043 /* Constants.swift in Sources */ = {isa = PBXBuildFile; fileRef = AA0044 /* Constants.swift */; };
/* End PBXBuildFile section */

/* Begin PBXFileReference section */
		6947B73B2ECF730200D57193 /* ShoppingListView.swift */ = {isa = PBXFileReference; lastKnownFileType = sourcecode.swift; path = ShoppingListView.swift; sourceTree = "<group>"; };
		6947B73D2ECF731F00D57193 /* StoreFinderView.swift */ = {isa = PBXFileReference; lastKnownFileType = sourcecode.swift; path = StoreFinderView.swift; sourceTree = "<group>"; };
		6947B73F2ECF738600D57193 /* Product.swift */ = {isa = PBXFileReference; lastKnownFileType = sourcecode.swift; path = Product.swift; sourceTree = "<group>"; };
		69BDA19E2ECF5913009E3719 /* ShoppingListItem.swift */ = {isa = PBXFileReference; lastKnownFileType = sourcecode.swift; path = ShoppingListItem.swift; sourceTree = "<group>"; };
		69BDA1A02ECF591E009E3719 /* StoreLocationManager.swift */ = {isa = PBXFileReference; lastKnownFileType = sourcecode.swift; path = StoreLocationManager.swift; sourceTree = "<group>"; };
		AA0002 /* GroceryGoApp.swift */ = {isa = PBXFileReference; lastKnownFileType = sourcecode.swift; path = GroceryGoApp.swift; sourceTree = "<group>"; };
		AA0004 /* ContentView.swift */ = {isa = PBXFileReference; lastKnownFileType = sourcecode.swift; path = ContentView.swift; sourceTree = "<group>"; };
		AA0006 /* Grocery.swift */ = {isa = PBXFileReference; lastKnownFileType = sourcecode.swift; path = Grocery.swift; sourceTree = "<group>"; };
		AA0008 /* CartItem.swift */ = {isa = PBXFileReference; lastKnownFileType = sourcecode.swift; path = CartItem.swift; sourceTree = "<group>"; };
		AA0010 /* Order.swift */ = {isa = PBXFileReference; lastKnownFileType = sourcecode.swift; path = Order.swift; sourceTree = "<group>"; };
		AA0012 /* GroceryListView.swift */ = {isa = PBXFileReference; lastKnownFileType = sourcecode.swift; path = GroceryListView.swift; sourceTree = "<group>"; };
		AA0014 /* GroceryDetailView.swift */ = {isa = PBXFileReference; lastKnownFileType = sourcecode.swift; path = GroceryDetailView.swift; sourceTree = "<group>"; };
		AA0016 /* CartView.swift */ = {isa = PBXFileReference; lastKnownFileType = sourcecode.swift; path = CartView.swift; sourceTree = "<group>"; };
		AA0018 /* OrdersView.swift */ = {isa = PBXFileReference; lastKnownFileType = sourcecode.swift; path = OrdersView.swift; sourceTree = "<group>"; };
		AA0020 /* Assets.xcassets */ = {isa = PBXFileReference; lastKnownFileType = folder.assetcatalog; path = Assets.xcassets; sourceTree = "<group>"; };
		AA0022 /* Preview Assets.xcassets */ = {isa = PBXFileReference; lastKnownFileType = folder.assetcatalog; path = "Preview Assets.xcassets"; sourceTree = "<group>"; };
		AA0023 /* GroceryGo.app */ = {isa = PBXFileReference; explicitFileType = wrapper.application; includeInIndex = 0; path = GroceryGo.app; sourceTree = BUILT_PRODUCTS_DIR; };
		AA0024 /* Info.plist */ = {isa = PBXFileReference; lastKnownFileType = text.plist.xml; path = Info.plist; sourceTree = "<group>"; };
		AA0044 /* Constants.swift */ = {isa = PBXFileReference; lastKnownFileType = sourcecode.swift; path = Constants.swift; sourceTree = "<group>"; };
/* End PBXFileReference section */

/* Begin PBXFileSystemSynchronizedRootGroup section */
		6947B7412ECF767600D57193 /* utils */ = {isa = PBXFileSystemSynchronizedRootGroup; explicitFileTypes = {}; explicitFolders = (); path = utils; sourceTree = "<group>"; };
/* End PBXFileSystemSynchronizedRootGroup section */

/* Begin PBXFrameworksBuildPhase section */
		AA0025 /* Frameworks */ = {
			isa = PBXFrameworksBuildPhase;
			buildActionMask = 2147483647;
			files = (
			);
			runOnlyForDeploymentPostprocessing = 0;
		};
/* End PBXFrameworksBuildPhase section */

/* Begin PBXGroup section */
		69BDA1AD2ECF6166009E3719 /* Tests */ = {
			isa = PBXGroup;
			children = (
			);
			path = Tests;
			sourceTree = "<group>";
		};
		AA0026 = {
			isa = PBXGroup;
			children = (
				AA0027 /* GroceryGo */,
				AA0028 /* Products */,
			);
			sourceTree = "<group>";
		};
		AA0027 /* GroceryGo */ = {
			isa = PBXGroup;
			children = (
				6947B7412ECF767600D57193 /* utils */,
				AA0002 /* GroceryGoApp.swift */,
				AA0029 /* Models */,
				AA0030 /* Views */,
				AA0031 /* ViewModels */,
				AA0020 /* Assets.xcassets */,
				AA0024 /* Info.plist */,
				AA0032 /* Preview Content */,
				69BDA1AD2ECF6166009E3719 /* Tests */,
			);
			path = GroceryGo;
			sourceTree = "<group>";
		};
		AA0028 /* Products */ = {
			isa = PBXGroup;
			children = (
				AA0023 /* GroceryGo.app */,
			);
			name = Products;
			sourceTree = "<group>";
		};
		AA0029 /* Models */ = {
			isa = PBXGroup;
			children = (
				AA0006 /* Grocery.swift */,
				AA0008 /* CartItem.swift */,
				AA0010 /* Order.swift */,
				AA0044 /* Constants.swift */,
				69BDA19E2ECF5913009E3719 /* ShoppingListItem.swift */,
				69BDA1A02ECF591E009E3719 /* StoreLocationManager.swift */,
				6947B73F2ECF738600D57193 /* Product.swift */,
			);
			path = Models;
			sourceTree = "<group>";
		};
		AA0030 /* Views */ = {
			isa = PBXGroup;
			children = (
				AA0004 /* ContentView.swift */,
				AA0012 /* GroceryListView.swift */,
				AA0014 /* GroceryDetailView.swift */,
				AA0016 /* CartView.swift */,
				AA0018 /* OrdersView.swift */,
				6947B73B2ECF730200D57193 /* ShoppingListView.swift */,
				6947B73D2ECF731F00D57193 /* StoreFinderView.swift */,
			);
			path = Views;
			sourceTree = "<group>";
		};
		AA0031 /* ViewModels */ = {
			isa = PBXGroup;
			children = (
			);
			path = ViewModels;
			sourceTree = "<group>";
		};
		AA0032 /* Preview Content */ = {
			isa = PBXGroup;
			children = (
				AA0022 /* Preview Assets.xcassets */,
			);
			path = "Preview Content";
			sourceTree = "<group>";
		};
/* End PBXGroup section */

/* Begin PBXNativeTarget section */
		AA0033 /* GroceryGo */ = {
			isa = PBXNativeTarget;
			buildConfigurationList = AA0034 /* Build configuration list for PBXNativeTarget "GroceryGo" */;
			buildPhases = (
				AA0035 /* Sources */,
				AA0025 /* Frameworks */,
				AA0036 /* Resources */,
			);
			buildRules = (
			);
			dependencies = (
			);
			fileSystemSynchronizedGroups = (
				6947B7412ECF767600D57193 /* utils */,
			);
			name = GroceryGo;
			productName = GroceryGo;
			productReference = AA0023 /* GroceryGo.app */;
			productType = "com.apple.product-type.application";
		};
/* End PBXNativeTarget section */

/* Begin PBXProject section */
		AA0037 /* Project object */ = {
			isa = PBXProject;
			attributes = {
				BuildIndependentTargetsInParallel = 1;
				LastSwiftUpdateCheck = 1500;
				LastUpgradeCheck = 1500;
				TargetAttributes = {
					AA0033 = {
						CreatedOnToolsVersion = 15.0;
					};
				};
			};
			buildConfigurationList = AA0038 /* Build configuration list for PBXProject "GroceryGo" */;
			compatibilityVersion = "Xcode 14.0";
			developmentRegion = en;
			hasScannedForEncodings = 0;
			knownRegions = (
				en,
				Base,
			);
			mainGroup = AA0026;
			productRefGroup = AA0028 /* Products */;
			projectDirPath = "";
			projectRoot = "";
			targets = (
				AA0033 /* GroceryGo */,
			);
		};
/* End PBXProject section */

/* Begin PBXResourcesBuildPhase section */
		AA0036 /* Resources */ = {
			isa = PBXResourcesBuildPhase;
			buildActionMask = 2147483647;
			files = (
				AA0021 /* Preview Assets.xcassets in Resources */,
				AA0019 /* Assets.xcassets in Resources */,
			);
			runOnlyForDeploymentPostprocessing = 0;
		};
/* End PBXResourcesBuildPhase section */

/* Begin PBXSourcesBuildPhase section */
		AA0035 /* Sources */ = {
			isa = PBXSourcesBuildPhase;
			buildActionMask = 2147483647;
			files = (
				AA0005 /* Grocery.swift in Sources */,
				69BDA19F2ECF5913009E3719 /* ShoppingListItem.swift in Sources */,
				6947B7402ECF738600D57193 /* Product.swift in Sources */,
				AA0007 /* CartItem.swift in Sources */,
				AA0009 /* Order.swift in Sources */,
				AA0043 /* Constants.swift in Sources */,
				AA0011 /* GroceryListView.swift in Sources */,
				AA0013 /* GroceryDetailView.swift in Sources */,
				AA0015 /* CartView.swift in Sources */,
				6947B73E2ECF731F00D57193 /* StoreFinderView.swift in Sources */,
				6947B73C2ECF730200D57193 /* ShoppingListView.swift in Sources */,
				AA0017 /* OrdersView.swift in Sources */,
				AA0003 /* ContentView.swift in Sources */,
				69BDA1A12ECF591E009E3719 /* StoreLocationManager.swift in Sources */,
				AA0001 /* GroceryGoApp.swift in Sources */,
			);
			runOnlyForDeploymentPostprocessing = 0;
		};
/* End PBXSourcesBuildPhase section */

/* Begin XCBuildConfiguration section */
		AA0039 /* Debug */ = {
			isa = XCBuildConfiguration;
			buildSettings = {
				ALWAYS_SEARCH_USER_PATHS = NO;
				ASSETCATALOG_COMPILER_GENERATE_SWIFT_ASSET_SYMBOL_EXTENSIONS = YES;
				CLANG_ANALYZER_NONNULL = YES;
				CLANG_ANALYZER_NUMBER_OBJECT_CONVERSION = YES_AGGRESSIVE;
				CLANG_CXX_LANGUAGE_STANDARD = "gnu++20";
				CLANG_ENABLE_MODULES = YES;
				CLANG_ENABLE_OBJC_ARC = YES;
				CLANG_ENABLE_OBJC_WEAK = YES;
				CLANG_WARN_BLOCK_CAPTURE_AUTORELEASING = YES;
				CLANG_WARN_BOOL_CONVERSION = YES;
				CLANG_WARN_COMMA = YES;
				CLANG_WARN_CONSTANT_CONVERSION = YES;
				CLANG_WARN_DEPRECATED_OBJC_IMPLEMENTATIONS = YES;
				CLANG_WARN_DIRECT_OBJC_ISA_USAGE = YES_ERROR;
				CLANG_WARN_DOCUMENTATION_COMMENTS = YES;
				CLANG_WARN_EMPTY_BODY = YES;
				CLANG_WARN_ENUM_CONVERSION = YES;
				CLANG_WARN_INFINITE_RECURSION = YES;
				CLANG_WARN_INT_CONVERSION = YES;
				CLANG_WARN_NON_LITERAL_NULL_CONVERSION = YES;
				CLANG_WARN_OBJC_IMPLICIT_RETAIN_SELF = YES;
				CLANG_WARN_OBJC_LITERAL_CONVERSION = YES;
				CLANG_WARN_OBJC_ROOT_CLASS = YES_ERROR;
				CLANG_WARN_QUOTED_INCLUDE_IN_FRAMEWORK_HEADER = YES;
				CLANG_WARN_RANGE_LOOP_ANALYSIS = YES;
				CLANG_WARN_STRICT_PROTOTYPES = YES;
				CLANG_WARN_SUSPICIOUS_MOVE = YES;
				CLANG_WARN_UNGUARDED_AVAILABILITY = YES_AGGRESSIVE;
				CLANG_WARN_UNREACHABLE_CODE = YES;
				CLANG_WARN__DUPLICATE_METHOD_MATCH = YES;
				COPY_PHASE_STRIP = NO;
				DEBUG_INFORMATION_FORMAT = dwarf;
				ENABLE_STRICT_OBJC_MSGSEND = YES;
				ENABLE_TESTABILITY = YES;
				ENABLE_USER_SCRIPT_SANDBOXING = YES;
				GCC_C_LANGUAGE_STANDARD = gnu17;
				GCC_DYNAMIC_NO_PIC = NO;
				GCC_NO_COMMON_BLOCKS = YES;
				GCC_OPTIMIZATION_LEVEL = 0;
				GCC_PREPROCESSOR_DEFINITIONS = (
					"DEBUG=1",
					"$(inherited)",
				);
				GCC_WARN_64_TO_32_BIT_CONVERSION = YES;
				GCC_WARN_ABOUT_RETURN_TYPE = YES_ERROR;
				GCC_WARN_UNDECLARED_SELECTOR = YES;
				GCC_WARN_UNINITIALIZED_AUTOS = YES_AGGRESSIVE;
				GCC_WARN_UNUSED_FUNCTION = YES;
				GCC_WARN_UNUSED_VARIABLE = YES;
				IPHONEOS_DEPLOYMENT_TARGET = 17.0;
				LOCALIZATION_PREFERS_STRING_CATALOGS = YES;
				MTL_ENABLE_DEBUG_INFO = INCLUDE_SOURCE;
				MTL_FAST_MATH = YES;
				ONLY_ACTIVE_ARCH = YES;
				SDKROOT = iphoneos;
				SWIFT_ACTIVE_COMPILATION_CONDITIONS = "DEBUG $(inherited)";
				SWIFT_OPTIMIZATION_LEVEL = "-Onone";
			};
			name = Debug;
		};
		AA0040 /* Release */ = {
			isa = XCBuildConfiguration;
			buildSettings = {
				ALWAYS_SEARCH_USER_PATHS = NO;
				ASSETCATALOG_COMPILER_GENERATE_SWIFT_ASSET_SYMBOL_EXTENSIONS = YES;
				CLANG_ANALYZER_NONNULL = YES;
				CLANG_ANALYZER_NUMBER_OBJECT_CONVERSION = YES_AGGRESSIVE;
				CLANG_CXX_LANGUAGE_STANDARD = "gnu++20";
				CLANG_ENABLE_MODULES = YES;
				CLANG_ENABLE_OBJC_ARC = YES;
				CLANG_ENABLE_OBJC_WEAK = YES;
				CLANG_WARN_BLOCK_CAPTURE_AUTORELEASING = YES;
				CLANG_WARN_BOOL_CONVERSION = YES;
				CLANG_WARN_COMMA = YES;
				CLANG_WARN_CONSTANT_CONVERSION = YES;
				CLANG_WARN_DEPRECATED_OBJC_IMPLEMENTATIONS = YES;
				CLANG_WARN_DIRECT_OBJC_ISA_USAGE = YES_ERROR;
				CLANG_WARN_DOCUMENTATION_COMMENTS = YES;
				CLANG_WARN_EMPTY_BODY = YES;
				CLANG_WARN_ENUM_CONVERSION = YES;
				CLANG_WARN_INFINITE_RECURSION = YES;
				CLANG_WARN_INT_CONVERSION = YES;
				CLANG_WARN_NON_LITERAL_NULL_CONVERSION = YES;
				CLANG_WARN_OBJC_IMPLICIT_RETAIN_SELF = YES;
				CLANG_WARN_OBJC_LITERAL_CONVERSION = YES;
				CLANG_WARN_OBJC_ROOT_CLASS = YES_ERROR;
				CLANG_WARN_QUOTED_INCLUDE_IN_FRAMEWORK_HEADER = YES;
				CLANG_WARN_RANGE_LOOP_ANALYSIS = YES;
				CLANG_WARN_STRICT_PROTOTYPES = YES;
				CLANG_WARN_SUSPICIOUS_MOVE = YES;
				CLANG_WARN_UNGUARDED_AVAILABILITY = YES_AGGRESSIVE;
				CLANG_WARN_UNREACHABLE_CODE = YES;
				CLANG_WARN__DUPLICATE_METHOD_MATCH = YES;
				COPY_PHASE_STRIP = NO;
				DEBUG_INFORMATION_FORMAT = "dwarf-with-dsym";
				ENABLE_NS_ASSERTIONS = NO;
				ENABLE_STRICT_OBJC_MSGSEND = YES;
				ENABLE_USER_SCRIPT_SANDBOXING = YES;
				GCC_C_LANGUAGE_STANDARD = gnu17;
				GCC_NO_COMMON_BLOCKS = YES;
				GCC_WARN_64_TO_32_BIT_CONVERSION = YES;
				GCC_WARN_ABOUT_RETURN_TYPE = YES_ERROR;
				GCC_WARN_UNDECLARED_SELECTOR = YES;
				GCC_WARN_UNINITIALIZED_AUTOS = YES_AGGRESSIVE;
				GCC_WARN_UNUSED_FUNCTION = YES;
				GCC_WARN_UNUSED_VARIABLE = YES;
				IPHONEOS_DEPLOYMENT_TARGET = 17.0;
				LOCALIZATION_PREFERS_STRING_CATALOGS = YES;
				MTL_ENABLE_DEBUG_INFO = NO;
				MTL_FAST_MATH = YES;
				SDKROOT = iphoneos;
				SWIFT_COMPILATION_MODE = wholemodule;
				VALIDATE_PRODUCT = YES;
			};
			name = Release;
		};
		AA0041 /* Debug */ = {
			isa = XCBuildConfiguration;
			buildSettings = {
				ASSETCATALOG_COMPILER_APPICON_NAME = AppIcon;
				ASSETCATALOG_COMPILER_GLOBAL_ACCENT_COLOR_NAME = AccentColor;
				CODE_SIGN_STYLE = Automatic;
				CURRENT_PROJECT_VERSION = 1;
				DEVELOPMENT_ASSET_PATHS = "\"GroceryGo/Preview Content\"";
				ENABLE_PREVIEWS = YES;
				GENERATE_INFOPLIST_FILE = NO;
				INFOPLIST_FILE = GroceryGo/Info.plist;
				INFOPLIST_KEY_UIApplicationSceneManifest_Generation = YES;
				INFOPLIST_KEY_UIApplicationSupportsIndirectInputEvents = YES;
				INFOPLIST_KEY_UILaunchScreen_Generation = YES;
				INFOPLIST_KEY_UISupportedInterfaceOrientations = UIInterfaceOrientationPortrait;
				INFOPLIST_KEY_UISupportedInterfaceOrientations_iPad = "UIInterfaceOrientationLandscapeLeft UIInterfaceOrientationLandscapeRight UIInterfaceOrientationPortrait UIInterfaceOrientationPortraitUpsideDown";
				LD_RUNPATH_SEARCH_PATHS = (
					"$(inherited)",
					"@executable_path/Frameworks",
				);
				MARKETING_VERSION = 1.0;
				PRODUCT_BUNDLE_IDENTIFIER = com.grocerygo.app;
				PRODUCT_NAME = "$(TARGET_NAME)";
				SWIFT_EMIT_LOC_STRINGS = YES;
				SWIFT_VERSION = 5.0;
				TARGETED_DEVICE_FAMILY = "1,2";
			};
			name = Debug;
		};
		AA0042 /* Release */ = {
			isa = XCBuildConfiguration;
			buildSettings = {
				ASSETCATALOG_COMPILER_APPICON_NAME = AppIcon;
				ASSETCATALOG_COMPILER_GLOBAL_ACCENT_COLOR_NAME = AccentColor;
				CODE_SIGN_STYLE = Automatic;
				CURRENT_PROJECT_VERSION = 1;
				DEVELOPMENT_ASSET_PATHS = "\"GroceryGo/Preview Content\"";
				ENABLE_PREVIEWS = YES;
				GENERATE_INFOPLIST_FILE = NO;
				INFOPLIST_FILE = GroceryGo/Info.plist;
				INFOPLIST_KEY_UIApplicationSceneManifest_Generation = YES;
				INFOPLIST_KEY_UIApplicationSupportsIndirectInputEvents = YES;
				INFOPLIST_KEY_UILaunchScreen_Generation = YES;
				INFOPLIST_KEY_UISupportedInterfaceOrientations = UIInterfaceOrientationPortrait;
				INFOPLIST_KEY_UISupportedInterfaceOrientations_iPad = "UIInterfaceOrientationLandscapeLeft UIInterfaceOrientationLandscapeRight UIInterfaceOrientationPortrait UIInterfaceOrientationPortraitUpsideDown";
				LD_RUNPATH_SEARCH_PATHS = (
					"$(inherited)",
					"@executable_path/Frameworks",
				);
				MARKETING_VERSION = 1.0;
				PRODUCT_BUNDLE_IDENTIFIER = com.grocerygo.app;
				PRODUCT_NAME = "$(TARGET_NAME)";
				SWIFT_EMIT_LOC_STRINGS = YES;
				SWIFT_VERSION = 5.0;
				TARGETED_DEVICE_FAMILY = "1,2";
			};
			name = Release;
		};
/* End XCBuildConfiguration section */

/* Begin XCConfigurationList section */
		AA0034 /* Build configuration list for PBXNativeTarget "GroceryGo" */ = {
			isa = XCConfigurationList;
			buildConfigurations = (
				AA0041 /* Debug */,
				AA0042 /* Release */,
			);
			defaultConfigurationIsVisible = 0;
			defaultConfigurationName = Release;
		};
		AA0038 /* Build configuration list for PBXProject "GroceryGo" */ = {
			isa = XCConfigurationList;
			buildConfigurations = (
				AA0039 /* Debug */,
				AA0040 /* Release */,
			);
			defaultConfigurationIsVisible = 0;
			defaultConfigurationName = Release;
		};
/* End XCConfigurationList section */
	};
	rootObject = AA0037 /* Project object */;
}
